
Microsoft Visual Studio Solution File, Format Version 12.00
# Visual Studio Version 16
VisualStudioVersion = 16.0.31129.286
MinimumVisualStudioVersion = 10.0.40219.1
Project("{FAE04EC0-301F-11D3-BF4B-00C04F79EFBC}") = "labo14_v1", "labo14_v1\labo14_v1.csproj", "{2DA2D621-3979-4C42-9D46-8C274785DC8F}"
EndProject
Global
	GlobalSection(SolutionConfigurationPlatforms) = preSolution
		Debug|Any CPU = Debug|Any CPU
		Release|Any CPU = Release|Any CPU
	EndGlobalSection
	GlobalSection(ProjectConfigurationPlatforms) = postSolution
		{2DA2D621-3979-4C42-9D46-8C274785DC8F}.Debug|Any CPU.ActiveCfg = Debug|Any CPU
		{2DA2D621-3979-4C42-9D46-8C274785DC8F}.Debug|Any CPU.Build.0 = Debug|Any CPU
		{2DA2D621-3979-4C42-9D46-8C274785DC8F}.Release|Any CPU.ActiveCfg = Release|Any CPU
		{2DA2D621-3979-4C42-9D46-8C274785DC8F}.Release|Any CPU.Build.0 = Release|Any CPU
	EndGlobalSection
	GlobalSection(SolutionProperties) = preSolution
		HideSolutionNode = FALSE
	EndGlobalSection
	GlobalSection(ExtensibilityGlobals) = postSolution
		SolutionGuid = {CC1DA10E-3DE3-43F4-A8F9-490676D763F5}
	EndGlobalSection
EndGlobal
